
Microsoft Visual Studio Solution File, Format Version 12.00
# Visual Studio 2013
VisualStudioVersion = 12.0.31101.0
MinimumVisualStudioVersion = 10.0.40219.1
Project("{FAE04EC0-301F-11D3-BF4B-00C04F79EFBC}") = "CloudFoundry.CloudController.V2.Client", "src\CloudFoundry.CloudController.V2.Client\CloudFoundry.CloudController.V2.Client.csproj", "{F54D7282-FE0C-474D-A8F6-326146554CDB}"
EndProject
Project("{FAE04EC0-301F-11D3-BF4B-00C04F79EFBC}") = "CloudFoundry.CloudController.Common", "src\CloudFoundry.CloudController.Common\CloudFoundry.CloudController.Common.csproj", "{D78DC433-8953-4339-BE83-529484EA7D8B}"
EndProject
Project("{2150E333-8FDC-42A3-9474-1A3956D46DE8}") = ".nuget", ".nuget", "{31DBE021-A906-408B-BEC8-0BD0CD6BB6BF}"
	ProjectSection(SolutionItems) = preProject
		.nuget\NuGet.Config = .nuget\NuGet.Config
		.nuget\NuGet.targets = .nuget\NuGet.targets
	EndProjectSection
EndProject
Project("{FAE04EC0-301F-11D3-BF4B-00C04F79EFBC}") = "CloudFoundry.CloudController.V2.Client.Test", "src\CloudFoundry.CloudController.V2.Client.Test\CloudFoundry.CloudController.V2.Client.Test.csproj", "{3560C779-F4FD-4AD3-86C5-A7AD8511DBAD}"
EndProject
Project("{FAE04EC0-301F-11D3-BF4B-00C04F79EFBC}") = "CloudFoundry.CloudController.Test.Integration", "src\CloudFoundry.CloudController.Test.Integration\CloudFoundry.CloudController.Test.Integration.csproj", "{89D8C214-597E-4802-8AC8-955A9121A490}"
EndProject
Project("{FAE04EC0-301F-11D3-BF4B-00C04F79EFBC}") = "CloudFoundry.Logyard.Client.Net45", "src\CloudFoundry.Logyard.Client.Net45\CloudFoundry.Logyard.Client.Net45.csproj", "{D4AD10D5-F1CA-41FF-95DC-57789CC3A062}"
EndProject
Project("{FAE04EC0-301F-11D3-BF4B-00C04F79EFBC}") = "CloudFoundry.Logyard.Client.WPA81", "src\CloudFoundry.Logyard.Client.WPA81\CloudFoundry.Logyard.Client.WPA81.csproj", "{B047DC6D-B9B4-4C78-B2B9-18D464739036}"
EndProject
Project("{FAE04EC0-301F-11D3-BF4B-00C04F79EFBC}") = "CloudFoundry.Logyard.Client.Store", "src\CloudFoundry.Logyard.Client.Store\CloudFoundry.Logyard.Client.Store.csproj", "{FF667311-3099-4E4B-8DFD-01CA1D87FA0F}"
EndProject
Project("{FAE04EC0-301F-11D3-BF4B-00C04F79EFBC}") = "CloudFoundry.Logyard.Client", "src\CloudFoundry.Logyard.Client\CloudFoundry.Logyard.Client.csproj", "{97AB7347-3C3E-4EAA-8063-DFBDB3AC0D25}"
EndProject
Project("{2150E333-8FDC-42A3-9474-1A3956D46DE8}") = "build", "build", "{B21C9324-1DED-42D2-B8D3-E9F939F430D1}"
	ProjectSection(SolutionItems) = preProject
		build.proj = build.proj
		cf-dotnet-sdk.nuspec = cf-dotnet-sdk.nuspec
		cf-dotnet-sdk.ruleset = cf-dotnet-sdk.ruleset
		CodeCoverage.runsettings = CodeCoverage.runsettings
		Settings.StyleCop = Settings.StyleCop
	EndProjectSection
EndProject
Project("{FAE04EC0-301F-11D3-BF4B-00C04F79EFBC}") = "CloudFoundry.UAA.Client", "src\CloudFoundry.UAA.Client\CloudFoundry.UAA.Client.csproj", "{7452B0B7-B48B-4017-9C3B-1092378A1A20}"
EndProject
Project("{FAE04EC0-301F-11D3-BF4B-00C04F79EFBC}") = "CloudFoundry.UAA.Client.Net45", "src\CloudFoundry.UAA.Client.Net45\CloudFoundry.UAA.Client.Net45.csproj", "{6A9B3853-329A-4B88-81F9-86EB0E7E88C7}"
EndProject
Project("{FAE04EC0-301F-11D3-BF4B-00C04F79EFBC}") = "CloudFoundry.Loggregator.Client", "src\CloudFoundry.Loggregator.Client\CloudFoundry.Loggregator.Client.csproj", "{7CCA6C93-284B-47A0-A499-EB4DAB6D3B65}"
EndProject
Project("{FAE04EC0-301F-11D3-BF4B-00C04F79EFBC}") = "CloudFoundry.Loggregator.Client.Net45", "src\CloudFoundry.Loggregator.Client.Net45\CloudFoundry.Loggregator.Client.Net45.csproj", "{693AC6F7-3A96-41C9-B844-1E3F1ED6346C}"
EndProject
Project("{FAE04EC0-301F-11D3-BF4B-00C04F79EFBC}") = "CloudFoundry.Loggregator.Client.Store", "src\CloudFoundry.Loggregator.Client.Store\CloudFoundry.Loggregator.Client.Store.csproj", "{09B6E674-6A30-4928-AEE6-412E8DF48DFD}"
EndProject
Project("{FAE04EC0-301F-11D3-BF4B-00C04F79EFBC}") = "CloudFoundry.Loggregator.Client.WPA81", "src\CloudFoundry.Loggregator.Client.WPA81\CloudFoundry.Loggregator.Client.WPA81.csproj", "{8F3FC033-0AB0-4689-B638-C592DCBE2F5A}"
EndProject
Project("{FAE04EC0-301F-11D3-BF4B-00C04F79EFBC}") = "CloudFoundry.CloudController.Common.Net45", "src\CloudFoundry.CloudController.Common.Net45\CloudFoundry.CloudController.Common.Net45.csproj", "{126AEDA2-FA3B-42EB-B728-770A975DEF2B}"
EndProject
Project("{FAE04EC0-301F-11D3-BF4B-00C04F79EFBC}") = "WebSocket4Net.ProxyUtilities", "src\WebSocket4Net.ProxyUtilities\WebSocket4Net.ProxyUtilities.csproj", "{446818CB-1AA8-449A-B58A-01DA64A36871}"
EndProject
Project("{FAE04EC0-301F-11D3-BF4B-00C04F79EFBC}") = "CloudFoundry.Manifests", "src\CloudFoundry.Manifests\CloudFoundry.Manifests.csproj", "{D3E6CCDF-8B8E-47B9-A3DB-38CC5FA7D5FB}"
EndProject
Global
	GlobalSection(SolutionConfigurationPlatforms) = preSolution
		Debug|Any CPU = Debug|Any CPU
		Release|Any CPU = Release|Any CPU
	EndGlobalSection
	GlobalSection(ProjectConfigurationPlatforms) = postSolution
		{F54D7282-FE0C-474D-A8F6-326146554CDB}.Debug|Any CPU.ActiveCfg = Debug|Any CPU
		{F54D7282-FE0C-474D-A8F6-326146554CDB}.Debug|Any CPU.Build.0 = Debug|Any CPU
		{F54D7282-FE0C-474D-A8F6-326146554CDB}.Release|Any CPU.ActiveCfg = Release|Any CPU
		{F54D7282-FE0C-474D-A8F6-326146554CDB}.Release|Any CPU.Build.0 = Release|Any CPU
		{D78DC433-8953-4339-BE83-529484EA7D8B}.Debug|Any CPU.ActiveCfg = Debug|Any CPU
		{D78DC433-8953-4339-BE83-529484EA7D8B}.Debug|Any CPU.Build.0 = Debug|Any CPU
		{D78DC433-8953-4339-BE83-529484EA7D8B}.Release|Any CPU.ActiveCfg = Release|Any CPU
		{D78DC433-8953-4339-BE83-529484EA7D8B}.Release|Any CPU.Build.0 = Release|Any CPU
		{3560C779-F4FD-4AD3-86C5-A7AD8511DBAD}.Debug|Any CPU.ActiveCfg = Debug|Any CPU
		{3560C779-F4FD-4AD3-86C5-A7AD8511DBAD}.Debug|Any CPU.Build.0 = Debug|Any CPU
		{3560C779-F4FD-4AD3-86C5-A7AD8511DBAD}.Release|Any CPU.ActiveCfg = Release|Any CPU
		{3560C779-F4FD-4AD3-86C5-A7AD8511DBAD}.Release|Any CPU.Build.0 = Release|Any CPU
		{89D8C214-597E-4802-8AC8-955A9121A490}.Debug|Any CPU.ActiveCfg = Debug|Any CPU
		{89D8C214-597E-4802-8AC8-955A9121A490}.Debug|Any CPU.Build.0 = Debug|Any CPU
		{89D8C214-597E-4802-8AC8-955A9121A490}.Release|Any CPU.ActiveCfg = Release|Any CPU
		{89D8C214-597E-4802-8AC8-955A9121A490}.Release|Any CPU.Build.0 = Release|Any CPU
		{D4AD10D5-F1CA-41FF-95DC-57789CC3A062}.Debug|Any CPU.ActiveCfg = Debug|Any CPU
		{D4AD10D5-F1CA-41FF-95DC-57789CC3A062}.Debug|Any CPU.Build.0 = Debug|Any CPU
		{D4AD10D5-F1CA-41FF-95DC-57789CC3A062}.Release|Any CPU.ActiveCfg = Release|Any CPU
		{D4AD10D5-F1CA-41FF-95DC-57789CC3A062}.Release|Any CPU.Build.0 = Release|Any CPU
		{B047DC6D-B9B4-4C78-B2B9-18D464739036}.Debug|Any CPU.ActiveCfg = Debug|Any CPU
		{B047DC6D-B9B4-4C78-B2B9-18D464739036}.Debug|Any CPU.Build.0 = Debug|Any CPU
		{B047DC6D-B9B4-4C78-B2B9-18D464739036}.Release|Any CPU.ActiveCfg = Release|Any CPU
		{B047DC6D-B9B4-4C78-B2B9-18D464739036}.Release|Any CPU.Build.0 = Release|Any CPU
		{FF667311-3099-4E4B-8DFD-01CA1D87FA0F}.Debug|Any CPU.ActiveCfg = Debug|Any CPU
		{FF667311-3099-4E4B-8DFD-01CA1D87FA0F}.Debug|Any CPU.Build.0 = Debug|Any CPU
		{FF667311-3099-4E4B-8DFD-01CA1D87FA0F}.Release|Any CPU.ActiveCfg = Release|Any CPU
		{FF667311-3099-4E4B-8DFD-01CA1D87FA0F}.Release|Any CPU.Build.0 = Release|Any CPU
		{97AB7347-3C3E-4EAA-8063-DFBDB3AC0D25}.Debug|Any CPU.ActiveCfg = Debug|Any CPU
		{97AB7347-3C3E-4EAA-8063-DFBDB3AC0D25}.Debug|Any CPU.Build.0 = Debug|Any CPU
		{97AB7347-3C3E-4EAA-8063-DFBDB3AC0D25}.Release|Any CPU.ActiveCfg = Release|Any CPU
		{97AB7347-3C3E-4EAA-8063-DFBDB3AC0D25}.Release|Any CPU.Build.0 = Release|Any CPU
		{7452B0B7-B48B-4017-9C3B-1092378A1A20}.Debug|Any CPU.ActiveCfg = Debug|Any CPU
		{7452B0B7-B48B-4017-9C3B-1092378A1A20}.Debug|Any CPU.Build.0 = Debug|Any CPU
		{7452B0B7-B48B-4017-9C3B-1092378A1A20}.Release|Any CPU.ActiveCfg = Release|Any CPU
		{7452B0B7-B48B-4017-9C3B-1092378A1A20}.Release|Any CPU.Build.0 = Release|Any CPU
		{6A9B3853-329A-4B88-81F9-86EB0E7E88C7}.Debug|Any CPU.ActiveCfg = Debug|Any CPU
		{6A9B3853-329A-4B88-81F9-86EB0E7E88C7}.Debug|Any CPU.Build.0 = Debug|Any CPU
		{6A9B3853-329A-4B88-81F9-86EB0E7E88C7}.Release|Any CPU.ActiveCfg = Release|Any CPU
		{6A9B3853-329A-4B88-81F9-86EB0E7E88C7}.Release|Any CPU.Build.0 = Release|Any CPU
		{7CCA6C93-284B-47A0-A499-EB4DAB6D3B65}.Debug|Any CPU.ActiveCfg = Debug|Any CPU
		{7CCA6C93-284B-47A0-A499-EB4DAB6D3B65}.Debug|Any CPU.Build.0 = Debug|Any CPU
		{7CCA6C93-284B-47A0-A499-EB4DAB6D3B65}.Release|Any CPU.ActiveCfg = Release|Any CPU
		{7CCA6C93-284B-47A0-A499-EB4DAB6D3B65}.Release|Any CPU.Build.0 = Release|Any CPU
		{693AC6F7-3A96-41C9-B844-1E3F1ED6346C}.Debug|Any CPU.ActiveCfg = Debug|Any CPU
		{693AC6F7-3A96-41C9-B844-1E3F1ED6346C}.Debug|Any CPU.Build.0 = Debug|Any CPU
		{693AC6F7-3A96-41C9-B844-1E3F1ED6346C}.Release|Any CPU.ActiveCfg = Release|Any CPU
		{693AC6F7-3A96-41C9-B844-1E3F1ED6346C}.Release|Any CPU.Build.0 = Release|Any CPU
		{09B6E674-6A30-4928-AEE6-412E8DF48DFD}.Debug|Any CPU.ActiveCfg = Debug|Any CPU
		{09B6E674-6A30-4928-AEE6-412E8DF48DFD}.Debug|Any CPU.Build.0 = Debug|Any CPU
		{09B6E674-6A30-4928-AEE6-412E8DF48DFD}.Release|Any CPU.ActiveCfg = Release|Any CPU
		{09B6E674-6A30-4928-AEE6-412E8DF48DFD}.Release|Any CPU.Build.0 = Release|Any CPU
		{8F3FC033-0AB0-4689-B638-C592DCBE2F5A}.Debug|Any CPU.ActiveCfg = Debug|Any CPU
		{8F3FC033-0AB0-4689-B638-C592DCBE2F5A}.Debug|Any CPU.Build.0 = Debug|Any CPU
		{8F3FC033-0AB0-4689-B638-C592DCBE2F5A}.Release|Any CPU.ActiveCfg = Release|Any CPU
		{8F3FC033-0AB0-4689-B638-C592DCBE2F5A}.Release|Any CPU.Build.0 = Release|Any CPU
		{126AEDA2-FA3B-42EB-B728-770A975DEF2B}.Debug|Any CPU.ActiveCfg = Debug|Any CPU
		{126AEDA2-FA3B-42EB-B728-770A975DEF2B}.Debug|Any CPU.Build.0 = Debug|Any CPU
		{126AEDA2-FA3B-42EB-B728-770A975DEF2B}.Release|Any CPU.ActiveCfg = Release|Any CPU
		{126AEDA2-FA3B-42EB-B728-770A975DEF2B}.Release|Any CPU.Build.0 = Release|Any CPU
		{446818CB-1AA8-449A-B58A-01DA64A36871}.Debug|Any CPU.ActiveCfg = Debug|Any CPU
		{446818CB-1AA8-449A-B58A-01DA64A36871}.Debug|Any CPU.Build.0 = Debug|Any CPU
		{446818CB-1AA8-449A-B58A-01DA64A36871}.Release|Any CPU.ActiveCfg = Release|Any CPU
		{446818CB-1AA8-449A-B58A-01DA64A36871}.Release|Any CPU.Build.0 = Release|Any CPU
		{D3E6CCDF-8B8E-47B9-A3DB-38CC5FA7D5FB}.Debug|Any CPU.ActiveCfg = Debug|Any CPU
		{D3E6CCDF-8B8E-47B9-A3DB-38CC5FA7D5FB}.Debug|Any CPU.Build.0 = Debug|Any CPU
		{D3E6CCDF-8B8E-47B9-A3DB-38CC5FA7D5FB}.Release|Any CPU.ActiveCfg = Release|Any CPU
		{D3E6CCDF-8B8E-47B9-A3DB-38CC5FA7D5FB}.Release|Any CPU.Build.0 = Release|Any CPU
	EndGlobalSection
	GlobalSection(SolutionProperties) = preSolution
		HideSolutionNode = FALSE
	EndGlobalSection
EndGlobal
