
Microsoft Visual Studio Solution File, Format Version 12.00
# Visual Studio 2013
VisualStudioVersion = 12.0.21005.1
MinimumVisualStudioVersion = 10.0.40219.1
Project("{FAE04EC0-301F-11D3-BF4B-00C04F79EFBC}") = "cf-net-sdk-pcl", "cf-net-sdk-pcl\cf-net-sdk-pcl.csproj", "{4A3C44C0-9210-4D68-ABF8-C36B835D2E99}"
EndProject
Project("{FAE04EC0-301F-11D3-BF4B-00C04F79EFBC}") = "cf-net-sdk-test", "cf-net-sdk-test\cf-net-sdk-test.csproj", "{3560C779-F4FD-4AD3-86C5-A7AD8511DBAD}"
EndProject
Global
	GlobalSection(SolutionConfigurationPlatforms) = preSolution
		Debug|Any CPU = Debug|Any CPU
		Release|Any CPU = Release|Any CPU
	EndGlobalSection
	GlobalSection(ProjectConfigurationPlatforms) = postSolution
		{4A3C44C0-9210-4D68-ABF8-C36B835D2E99}.Debug|Any CPU.ActiveCfg = Debug|Any CPU
		{4A3C44C0-9210-4D68-ABF8-C36B835D2E99}.Debug|Any CPU.Build.0 = Debug|Any CPU
		{4A3C44C0-9210-4D68-ABF8-C36B835D2E99}.Release|Any CPU.ActiveCfg = Release|Any CPU
		{4A3C44C0-9210-4D68-ABF8-C36B835D2E99}.Release|Any CPU.Build.0 = Release|Any CPU
		{3560C779-F4FD-4AD3-86C5-A7AD8511DBAD}.Debug|Any CPU.ActiveCfg = Debug|Any CPU
		{3560C779-F4FD-4AD3-86C5-A7AD8511DBAD}.Debug|Any CPU.Build.0 = Debug|Any CPU
		{3560C779-F4FD-4AD3-86C5-A7AD8511DBAD}.Release|Any CPU.ActiveCfg = Release|Any CPU
		{3560C779-F4FD-4AD3-86C5-A7AD8511DBAD}.Release|Any CPU.Build.0 = Release|Any CPU
	EndGlobalSection
	GlobalSection(SolutionProperties) = preSolution
		HideSolutionNode = FALSE
	EndGlobalSection
EndGlobal
